// !$*UTF8*$!
{
	archiveVersion = 1;
	classes = {
	};
	objectVersion = 56;
	objects = {

/* Begin PBXBuildFile section */
		DBBD21CE2955ED6C004E0EDE /* Theme.swift in Sources */ = {isa = PBXBuildFile; fileRef = DBBD21CD2955ED6C004E0EDE /* Theme.swift */; };
		DBBD21D02955F837004E0EDE /* ButtonIcon.swift in Sources */ = {isa = PBXBuildFile; fileRef = DBBD21CF2955F837004E0EDE /* ButtonIcon.swift */; };
		DBBD21D3295602C1004E0EDE /* DropZone.swift in Sources */ = {isa = PBXBuildFile; fileRef = DBBD21D2295602C1004E0EDE /* DropZone.swift */; };
		DBBD21D529564AD8004E0EDE /* StyledTextfield.swift in Sources */ = {isa = PBXBuildFile; fileRef = DBBD21D429564AD8004E0EDE /* StyledTextfield.swift */; };
		DBE842012954CB58005D7F70 /* skydiving_weatherApp.swift in Sources */ = {isa = PBXBuildFile; fileRef = DBE842002954CB58005D7F70 /* skydiving_weatherApp.swift */; };
		DBE842032954CB58005D7F70 /* HomePageView.swift in Sources */ = {isa = PBXBuildFile; fileRef = DBE842022954CB58005D7F70 /* HomePageView.swift */; };
		DBE842052954CB5A005D7F70 /* Assets.xcassets in Resources */ = {isa = PBXBuildFile; fileRef = DBE842042954CB5A005D7F70 /* Assets.xcassets */; };
		DBE842082954CB5A005D7F70 /* Preview Assets.xcassets in Resources */ = {isa = PBXBuildFile; fileRef = DBE842072954CB5A005D7F70 /* Preview Assets.xcassets */; };
		DBE8420F2955AB45005D7F70 /* WeatherResultView.swift in Sources */ = {isa = PBXBuildFile; fileRef = DBE8420E2955AB45005D7F70 /* WeatherResultView.swift */; };
		DBE842112955AC6F005D7F70 /* LocalisationView.swift in Sources */ = {isa = PBXBuildFile; fileRef = DBE842102955AC6F005D7F70 /* LocalisationView.swift */; };
/* End PBXBuildFile section */

/* Begin PBXFileReference section */
		DBBD21CD2955ED6C004E0EDE /* Theme.swift */ = {isa = PBXFileReference; lastKnownFileType = sourcecode.swift; path = Theme.swift; sourceTree = "<group>"; };
		DBBD21CF2955F837004E0EDE /* ButtonIcon.swift */ = {isa = PBXFileReference; lastKnownFileType = sourcecode.swift; path = ButtonIcon.swift; sourceTree = "<group>"; };
		DBBD21D2295602C1004E0EDE /* DropZone.swift */ = {isa = PBXFileReference; lastKnownFileType = sourcecode.swift; path = DropZone.swift; sourceTree = "<group>"; };
		DBBD21D429564AD8004E0EDE /* StyledTextfield.swift */ = {isa = PBXFileReference; lastKnownFileType = sourcecode.swift; path = StyledTextfield.swift; sourceTree = "<group>"; };
		DBE841FD2954CB58005D7F70 /* skydiving weather.app */ = {isa = PBXFileReference; explicitFileType = wrapper.application; includeInIndex = 0; path = "skydiving weather.app"; sourceTree = BUILT_PRODUCTS_DIR; };
		DBE842002954CB58005D7F70 /* skydiving_weatherApp.swift */ = {isa = PBXFileReference; lastKnownFileType = sourcecode.swift; path = skydiving_weatherApp.swift; sourceTree = "<group>"; };
		DBE842022954CB58005D7F70 /* HomePageView.swift */ = {isa = PBXFileReference; lastKnownFileType = sourcecode.swift; path = HomePageView.swift; sourceTree = "<group>"; };
		DBE842042954CB5A005D7F70 /* Assets.xcassets */ = {isa = PBXFileReference; lastKnownFileType = folder.assetcatalog; path = Assets.xcassets; sourceTree = "<group>"; };
		DBE842072954CB5A005D7F70 /* Preview Assets.xcassets */ = {isa = PBXFileReference; lastKnownFileType = folder.assetcatalog; path = "Preview Assets.xcassets"; sourceTree = "<group>"; };
		DBE8420E2955AB45005D7F70 /* WeatherResultView.swift */ = {isa = PBXFileReference; lastKnownFileType = sourcecode.swift; path = WeatherResultView.swift; sourceTree = "<group>"; };
		DBE842102955AC6F005D7F70 /* LocalisationView.swift */ = {isa = PBXFileReference; lastKnownFileType = sourcecode.swift; path = LocalisationView.swift; sourceTree = "<group>"; };
/* End PBXFileReference section */

/* Begin PBXFrameworksBuildPhase section */
		DBE841FA2954CB58005D7F70 /* Frameworks */ = {
			isa = PBXFrameworksBuildPhase;
			buildActionMask = 2147483647;
			files = (
			);
			runOnlyForDeploymentPostprocessing = 0;
		};
/* End PBXFrameworksBuildPhase section */

/* Begin PBXGroup section */
		DBBD21CA2955E489004E0EDE /* Models */ = {
			isa = PBXGroup;
			children = (
				DBBD21CD2955ED6C004E0EDE /* Theme.swift */,
				DBBD21D2295602C1004E0EDE /* DropZone.swift */,
			);
			path = Models;
			sourceTree = "<group>";
		};
		DBBD21D12955F9BC004E0EDE /* Style */ = {
			isa = PBXGroup;
			children = (
				DBBD21CF2955F837004E0EDE /* ButtonIcon.swift */,
				DBBD21D429564AD8004E0EDE /* StyledTextfield.swift */,
			);
			path = Style;
			sourceTree = "<group>";
		};
		DBE841F42954CB57005D7F70 = {
			isa = PBXGroup;
			children = (
				DBE841FF2954CB58005D7F70 /* skydiving weather */,
				DBE841FE2954CB58005D7F70 /* Products */,
			);
			sourceTree = "<group>";
		};
		DBE841FE2954CB58005D7F70 /* Products */ = {
			isa = PBXGroup;
			children = (
				DBE841FD2954CB58005D7F70 /* skydiving weather.app */,
			);
			name = Products;
			sourceTree = "<group>";
		};
		DBE841FF2954CB58005D7F70 /* skydiving weather */ = {
			isa = PBXGroup;
			children = (
				DBBD21D12955F9BC004E0EDE /* Style */,
				DBBD21CA2955E489004E0EDE /* Models */,
				DBE842002954CB58005D7F70 /* skydiving_weatherApp.swift */,
				DBE842022954CB58005D7F70 /* HomePageView.swift */,
				DBE842102955AC6F005D7F70 /* LocalisationView.swift */,
				DBE8420E2955AB45005D7F70 /* WeatherResultView.swift */,
				DBE842042954CB5A005D7F70 /* Assets.xcassets */,
				DBE842062954CB5A005D7F70 /* Preview Content */,
			);
			path = "skydiving weather";
			sourceTree = "<group>";
		};
		DBE842062954CB5A005D7F70 /* Preview Content */ = {
			isa = PBXGroup;
			children = (
				DBE842072954CB5A005D7F70 /* Preview Assets.xcassets */,
			);
			path = "Preview Content";
			sourceTree = "<group>";
		};
/* End PBXGroup section */

/* Begin PBXNativeTarget section */
		DBE841FC2954CB58005D7F70 /* skydiving weather */ = {
			isa = PBXNativeTarget;
			buildConfigurationList = DBE8420B2954CB5A005D7F70 /* Build configuration list for PBXNativeTarget "skydiving weather" */;
			buildPhases = (
				DBE841F92954CB58005D7F70 /* Sources */,
				DBE841FA2954CB58005D7F70 /* Frameworks */,
				DBE841FB2954CB58005D7F70 /* Resources */,
			);
			buildRules = (
			);
			dependencies = (
			);
			name = "skydiving weather";
			productName = "skydiving weather";
			productReference = DBE841FD2954CB58005D7F70 /* skydiving weather.app */;
			productType = "com.apple.product-type.application";
		};
/* End PBXNativeTarget section */

/* Begin PBXProject section */
		DBE841F52954CB57005D7F70 /* Project object */ = {
			isa = PBXProject;
			attributes = {
				BuildIndependentTargetsInParallel = 1;
				LastSwiftUpdateCheck = 1420;
				LastUpgradeCheck = 1420;
				TargetAttributes = {
					DBE841FC2954CB58005D7F70 = {
						CreatedOnToolsVersion = 14.2;
					};
				};
			};
			buildConfigurationList = DBE841F82954CB57005D7F70 /* Build configuration list for PBXProject "skydiving weather" */;
			compatibilityVersion = "Xcode 14.0";
			developmentRegion = en;
			hasScannedForEncodings = 0;
			knownRegions = (
				en,
				Base,
			);
			mainGroup = DBE841F42954CB57005D7F70;
			productRefGroup = DBE841FE2954CB58005D7F70 /* Products */;
			projectDirPath = "";
			projectRoot = "";
			targets = (
				DBE841FC2954CB58005D7F70 /* skydiving weather */,
			);
		};
/* End PBXProject section */

/* Begin PBXResourcesBuildPhase section */
		DBE841FB2954CB58005D7F70 /* Resources */ = {
			isa = PBXResourcesBuildPhase;
			buildActionMask = 2147483647;
			files = (
				DBE842082954CB5A005D7F70 /* Preview Assets.xcassets in Resources */,
				DBE842052954CB5A005D7F70 /* Assets.xcassets in Resources */,
			);
			runOnlyForDeploymentPostprocessing = 0;
		};
/* End PBXResourcesBuildPhase section */

/* Begin PBXSourcesBuildPhase section */
		DBE841F92954CB58005D7F70 /* Sources */ = {
			isa = PBXSourcesBuildPhase;
			buildActionMask = 2147483647;
			files = (
				DBE842032954CB58005D7F70 /* HomePageView.swift in Sources */,
				DBBD21D529564AD8004E0EDE /* StyledTextfield.swift in Sources */,
				DBE8420F2955AB45005D7F70 /* WeatherResultView.swift in Sources */,
				DBBD21D3295602C1004E0EDE /* DropZone.swift in Sources */,
				DBBD21D02955F837004E0EDE /* ButtonIcon.swift in Sources */,
				DBBD21CE2955ED6C004E0EDE /* Theme.swift in Sources */,
				DBE842112955AC6F005D7F70 /* LocalisationView.swift in Sources */,
				DBE842012954CB58005D7F70 /* skydiving_weatherApp.swift in Sources */,
			);
			runOnlyForDeploymentPostprocessing = 0;
		};
/* End PBXSourcesBuildPhase section */

/* Begin XCBuildConfiguration section */
		DBE842092954CB5A005D7F70 /* Debug */ = {
			isa = XCBuildConfiguration;
			buildSettings = {
				ALWAYS_SEARCH_USER_PATHS = NO;
				CLANG_ANALYZER_NONNULL = YES;
				CLANG_ANALYZER_NUMBER_OBJECT_CONVERSION = YES_AGGRESSIVE;
				CLANG_CXX_LANGUAGE_STANDARD = "gnu++20";
				CLANG_ENABLE_MODULES = YES;
				CLANG_ENABLE_OBJC_ARC = YES;
				CLANG_ENABLE_OBJC_WEAK = YES;
				CLANG_WARN_BLOCK_CAPTURE_AUTORELEASING = YES;
				CLANG_WARN_BOOL_CONVERSION = YES;
				CLANG_WARN_COMMA = YES;
				CLANG_WARN_CONSTANT_CONVERSION = YES;
				CLANG_WARN_DEPRECATED_OBJC_IMPLEMENTATIONS = YES;
				CLANG_WARN_DIRECT_OBJC_ISA_USAGE = YES_ERROR;
				CLANG_WARN_DOCUMENTATION_COMMENTS = YES;
				CLANG_WARN_EMPTY_BODY = YES;
				CLANG_WARN_ENUM_CONVERSION = YES;
				CLANG_WARN_INFINITE_RECURSION = YES;
				CLANG_WARN_INT_CONVERSION = YES;
				CLANG_WARN_NON_LITERAL_NULL_CONVERSION = YES;
				CLANG_WARN_OBJC_IMPLICIT_RETAIN_SELF = YES;
				CLANG_WARN_OBJC_LITERAL_CONVERSION = YES;
				CLANG_WARN_OBJC_ROOT_CLASS = YES_ERROR;
				CLANG_WARN_QUOTED_INCLUDE_IN_FRAMEWORK_HEADER = YES;
				CLANG_WARN_RANGE_LOOP_ANALYSIS = YES;
				CLANG_WARN_STRICT_PROTOTYPES = YES;
				CLANG_WARN_SUSPICIOUS_MOVE = YES;
				CLANG_WARN_UNGUARDED_AVAILABILITY = YES_AGGRESSIVE;
				CLANG_WARN_UNREACHABLE_CODE = YES;
				CLANG_WARN__DUPLICATE_METHOD_MATCH = YES;
				COPY_PHASE_STRIP = NO;
				DEBUG_INFORMATION_FORMAT = dwarf;
				ENABLE_STRICT_OBJC_MSGSEND = YES;
				ENABLE_TESTABILITY = YES;
				GCC_C_LANGUAGE_STANDARD = gnu11;
				GCC_DYNAMIC_NO_PIC = NO;
				GCC_NO_COMMON_BLOCKS = YES;
				GCC_OPTIMIZATION_LEVEL = 0;
				GCC_PREPROCESSOR_DEFINITIONS = (
					"DEBUG=1",
					"$(inherited)",
				);
				GCC_WARN_64_TO_32_BIT_CONVERSION = YES;
				GCC_WARN_ABOUT_RETURN_TYPE = YES_ERROR;
				GCC_WARN_UNDECLARED_SELECTOR = YES;
				GCC_WARN_UNINITIALIZED_AUTOS = YES_AGGRESSIVE;
				GCC_WARN_UNUSED_FUNCTION = YES;
				GCC_WARN_UNUSED_VARIABLE = YES;
				IPHONEOS_DEPLOYMENT_TARGET = 16.2;
				MTL_ENABLE_DEBUG_INFO = INCLUDE_SOURCE;
				MTL_FAST_MATH = YES;
				ONLY_ACTIVE_ARCH = YES;
				SDKROOT = iphoneos;
				SWIFT_ACTIVE_COMPILATION_CONDITIONS = DEBUG;
				SWIFT_OPTIMIZATION_LEVEL = "-Onone";
			};
			name = Debug;
		};
		DBE8420A2954CB5A005D7F70 /* Release */ = {
			isa = XCBuildConfiguration;
			buildSettings = {
				ALWAYS_SEARCH_USER_PATHS = NO;
				CLANG_ANALYZER_NONNULL = YES;
				CLANG_ANALYZER_NUMBER_OBJECT_CONVERSION = YES_AGGRESSIVE;
				CLANG_CXX_LANGUAGE_STANDARD = "gnu++20";
				CLANG_ENABLE_MODULES = YES;
				CLANG_ENABLE_OBJC_ARC = YES;
				CLANG_ENABLE_OBJC_WEAK = YES;
				CLANG_WARN_BLOCK_CAPTURE_AUTORELEASING = YES;
				CLANG_WARN_BOOL_CONVERSION = YES;
				CLANG_WARN_COMMA = YES;
				CLANG_WARN_CONSTANT_CONVERSION = YES;
				CLANG_WARN_DEPRECATED_OBJC_IMPLEMENTATIONS = YES;
				CLANG_WARN_DIRECT_OBJC_ISA_USAGE = YES_ERROR;
				CLANG_WARN_DOCUMENTATION_COMMENTS = YES;
				CLANG_WARN_EMPTY_BODY = YES;
				CLANG_WARN_ENUM_CONVERSION = YES;
				CLANG_WARN_INFINITE_RECURSION = YES;
				CLANG_WARN_INT_CONVERSION = YES;
				CLANG_WARN_NON_LITERAL_NULL_CONVERSION = YES;
				CLANG_WARN_OBJC_IMPLICIT_RETAIN_SELF = YES;
				CLANG_WARN_OBJC_LITERAL_CONVERSION = YES;
				CLANG_WARN_OBJC_ROOT_CLASS = YES_ERROR;
				CLANG_WARN_QUOTED_INCLUDE_IN_FRAMEWORK_HEADER = YES;
				CLANG_WARN_RANGE_LOOP_ANALYSIS = YES;
				CLANG_WARN_STRICT_PROTOTYPES = YES;
				CLANG_WARN_SUSPICIOUS_MOVE = YES;
				CLANG_WARN_UNGUARDED_AVAILABILITY = YES_AGGRESSIVE;
				CLANG_WARN_UNREACHABLE_CODE = YES;
				CLANG_WARN__DUPLICATE_METHOD_MATCH = YES;
				COPY_PHASE_STRIP = NO;
				DEBUG_INFORMATION_FORMAT = "dwarf-with-dsym";
				ENABLE_NS_ASSERTIONS = NO;
				ENABLE_STRICT_OBJC_MSGSEND = YES;
				GCC_C_LANGUAGE_STANDARD = gnu11;
				GCC_NO_COMMON_BLOCKS = YES;
				GCC_WARN_64_TO_32_BIT_CONVERSION = YES;
				GCC_WARN_ABOUT_RETURN_TYPE = YES_ERROR;
				GCC_WARN_UNDECLARED_SELECTOR = YES;
				GCC_WARN_UNINITIALIZED_AUTOS = YES_AGGRESSIVE;
				GCC_WARN_UNUSED_FUNCTION = YES;
				GCC_WARN_UNUSED_VARIABLE = YES;
				IPHONEOS_DEPLOYMENT_TARGET = 16.2;
				MTL_ENABLE_DEBUG_INFO = NO;
				MTL_FAST_MATH = YES;
				SDKROOT = iphoneos;
				SWIFT_COMPILATION_MODE = wholemodule;
				SWIFT_OPTIMIZATION_LEVEL = "-O";
				VALIDATE_PRODUCT = YES;
			};
			name = Release;
		};
		DBE8420C2954CB5A005D7F70 /* Debug */ = {
			isa = XCBuildConfiguration;
			buildSettings = {
				ASSETCATALOG_COMPILER_APPICON_NAME = AppIcon;
				ASSETCATALOG_COMPILER_GLOBAL_ACCENT_COLOR_NAME = AccentColor;
				CODE_SIGN_STYLE = Automatic;
				CURRENT_PROJECT_VERSION = 1;
				DEVELOPMENT_ASSET_PATHS = "\"skydiving weather/Preview Content\"";
				ENABLE_PREVIEWS = YES;
				GENERATE_INFOPLIST_FILE = YES;
				INFOPLIST_KEY_UIApplicationSceneManifest_Generation = YES;
				INFOPLIST_KEY_UIApplicationSupportsIndirectInputEvents = YES;
				INFOPLIST_KEY_UILaunchScreen_Generation = YES;
				INFOPLIST_KEY_UISupportedInterfaceOrientations_iPad = "UIInterfaceOrientationPortrait UIInterfaceOrientationPortraitUpsideDown UIInterfaceOrientationLandscapeLeft UIInterfaceOrientationLandscapeRight";
				INFOPLIST_KEY_UISupportedInterfaceOrientations_iPhone = "UIInterfaceOrientationPortrait UIInterfaceOrientationLandscapeLeft UIInterfaceOrientationLandscapeRight";
				LD_RUNPATH_SEARCH_PATHS = (
					"$(inherited)",
					"@executable_path/Frameworks",
				);
				MARKETING_VERSION = 1.0;
				PRODUCT_BUNDLE_IDENTIFIER = "Lea.skydiving-weather";
				PRODUCT_NAME = "$(TARGET_NAME)";
				SWIFT_EMIT_LOC_STRINGS = YES;
				SWIFT_VERSION = 5.0;
				TARGETED_DEVICE_FAMILY = "1,2";
			};
			name = Debug;
		};
		DBE8420D2954CB5A005D7F70 /* Release */ = {
			isa = XCBuildConfiguration;
			buildSettings = {
				ASSETCATALOG_COMPILER_APPICON_NAME = AppIcon;
				ASSETCATALOG_COMPILER_GLOBAL_ACCENT_COLOR_NAME = AccentColor;
				CODE_SIGN_STYLE = Automatic;
				CURRENT_PROJECT_VERSION = 1;
				DEVELOPMENT_ASSET_PATHS = "\"skydiving weather/Preview Content\"";
				ENABLE_PREVIEWS = YES;
				GENERATE_INFOPLIST_FILE = YES;
				INFOPLIST_KEY_UIApplicationSceneManifest_Generation = YES;
				INFOPLIST_KEY_UIApplicationSupportsIndirectInputEvents = YES;
				INFOPLIST_KEY_UILaunchScreen_Generation = YES;
				INFOPLIST_KEY_UISupportedInterfaceOrientations_iPad = "UIInterfaceOrientationPortrait UIInterfaceOrientationPortraitUpsideDown UIInterfaceOrientationLandscapeLeft UIInterfaceOrientationLandscapeRight";
				INFOPLIST_KEY_UISupportedInterfaceOrientations_iPhone = "UIInterfaceOrientationPortrait UIInterfaceOrientationLandscapeLeft UIInterfaceOrientationLandscapeRight";
				LD_RUNPATH_SEARCH_PATHS = (
					"$(inherited)",
					"@executable_path/Frameworks",
				);
				MARKETING_VERSION = 1.0;
				PRODUCT_BUNDLE_IDENTIFIER = "Lea.skydiving-weather";
				PRODUCT_NAME = "$(TARGET_NAME)";
				SWIFT_EMIT_LOC_STRINGS = YES;
				SWIFT_VERSION = 5.0;
				TARGETED_DEVICE_FAMILY = "1,2";
			};
			name = Release;
		};
/* End XCBuildConfiguration section */

/* Begin XCConfigurationList section */
		DBE841F82954CB57005D7F70 /* Build configuration list for PBXProject "skydiving weather" */ = {
			isa = XCConfigurationList;
			buildConfigurations = (
				DBE842092954CB5A005D7F70 /* Debug */,
				DBE8420A2954CB5A005D7F70 /* Release */,
			);
			defaultConfigurationIsVisible = 0;
			defaultConfigurationName = Release;
		};
		DBE8420B2954CB5A005D7F70 /* Build configuration list for PBXNativeTarget "skydiving weather" */ = {
			isa = XCConfigurationList;
			buildConfigurations = (
				DBE8420C2954CB5A005D7F70 /* Debug */,
				DBE8420D2954CB5A005D7F70 /* Release */,
			);
			defaultConfigurationIsVisible = 0;
			defaultConfigurationName = Release;
		};
/* End XCConfigurationList section */
	};
	rootObject = DBE841F52954CB57005D7F70 /* Project object */;
}
